Microsoft Visual Studio Solution File, Format Version 12.00
# Visual Studio 15
VisualStudioVersion = 15.0.27004.2008
MinimumVisualStudioVersion = 10.0.40219.1
Project("{2150E333-8FDC-42A3-9474-1A3956D46DE8}") = "src", "src", "{7200B5EC-BD79-4C0F-BA39-F2A45B36AC17}"
EndProject
Project("{2150E333-8FDC-42A3-9474-1A3956D46DE8}") = ".solution items", ".solution items", "{7361E831-AC07-4A8B-B70B-944F98050F50}"
	ProjectSection(SolutionItems) = preProject
		appveyor.yml = appveyor.yml
		src\AssemblyInfoCommon.cs = src\AssemblyInfoCommon.cs
		build.cake = build.cake
		main.runsettings = main.runsettings
		README.md = README.md
	EndProjectSection
EndProject
Project("{FAE04EC0-301F-11D3-BF4B-00C04F79EFBC}") = "FutureState.Common", "src\FutureState.Common.Core\FutureState.Common.csproj", "{3BA5FB45-D642-43DE-8629-37AA3D7CE5BD}"
EndProject
Project("{FAE04EC0-301F-11D3-BF4B-00C04F79EFBC}") = "FutureState.Specifications", "src\FutureState.Specifications\FutureState.Specifications.csproj", "{96B0A895-7A34-411D-BDE6-FC0B222AA18D}"
EndProject
Project("{FAE04EC0-301F-11D3-BF4B-00C04F79EFBC}") = "FutureState.Data", "src\FutureState.Data\FutureState.Data.csproj", "{58B0D3C2-E786-40BD-B5F7-04B32F0AA241}"
EndProject
Project("{FAE04EC0-301F-11D3-BF4B-00C04F79EFBC}") = "FutureState.Data.Sql", "src\FutureState.Data.Sql\FutureState.Data.Sql.csproj", "{6B003A23-1002-47EC-A5F5-56E66EE91476}"
EndProject
Project("{FAE04EC0-301F-11D3-BF4B-00C04F79EFBC}") = "FutureState.Autofac", "src\FutureState.Autofac\FutureState.Autofac.csproj", "{FC833DDB-232B-4A4C-8A40-EFD017FFC601}"
EndProject
Project("{FAE04EC0-301F-11D3-BF4B-00C04F79EFBC}") = "FutureState.Db.Setup", "src\FutureState.Db.Setup\FutureState.Db.Setup.csproj", "{55C68F97-429F-4504-9D3F-7147EF951F66}"
EndProject
Project("{2150E333-8FDC-42A3-9474-1A3956D46DE8}") = "tests", "tests", "{2C2CDFF8-E66C-46CD-86B9-B3436DA6B75D}"
EndProject
Project("{FAE04EC0-301F-11D3-BF4B-00C04F79EFBC}") = "FutureState.Common.Tests", "tests\FutureState.Common.Tests\FutureState.Common.Tests.csproj", "{2E3DF5C2-8A38-4A03-86D7-8D463C917E41}"
EndProject
Project("{FAE04EC0-301F-11D3-BF4B-00C04F79EFBC}") = "FutureState.Data.Tests", "tests\FutureState.Data.Tests\FutureState.Data.Tests.csproj", "{2E3DF5C2-8A38-4A03-86D7-8D463C917E44}"
EndProject
Project("{FAE04EC0-301F-11D3-BF4B-00C04F79EFBC}") = "FutureState.Specifications.Tests", "tests\FutureState.Specifications.Tests\FutureState.Specifications.Tests.csproj", "{2E3DF5C2-8A38-4A03-86D7-8D463C917E48}"
EndProject
Project("{FAE04EC0-301F-11D3-BF4B-00C04F79EFBC}") = "FutureState.Autofac.Tests", "tests\FutureState.Autofac.Tests\FutureState.Autofac.Tests.csproj", "{2E3DF5C2-8A38-4A03-86D7-8D463C917E47}"
EndProject
Project("{FAE04EC0-301F-11D3-BF4B-00C04F79EFBC}") = "FutureState.Data.Sql.Tests", "tests\FutureState.Data.Sql.Tests\FutureState.Data.Sql.Tests.csproj", "{2E3DF5C2-8A38-4A03-86D7-8D463C917E42}"
EndProject
Project("{FAE04EC0-301F-11D3-BF4B-00C04F79EFBC}") = "FutureState.Flow", "src\FutureState.Flow\FutureState.Flow.csproj", "{EDB233C6-0F90-46CE-B72C-F5E96D04259F}"
EndProject
Project("{FAE04EC0-301F-11D3-BF4B-00C04F79EFBC}") = "FutureState.Flow.Tests", "tests\FutureState.Flow.Tests\FutureState.Flow.Tests.csproj", "{041A1BA9-AB82-4C2E-95A1-1ECFD0B6CFA0}"
EndProject
Global
	GlobalSection(SolutionConfigurationPlatforms) = preSolution
		Debug|Any CPU = Debug|Any CPU
		Release|Any CPU = Release|Any CPU
	EndGlobalSection
	GlobalSection(ProjectConfigurationPlatforms) = postSolution
		{3BA5FB45-D642-43DE-8629-37AA3D7CE5BD}.Debug|Any CPU.ActiveCfg = Debug|Any CPU
		{3BA5FB45-D642-43DE-8629-37AA3D7CE5BD}.Debug|Any CPU.Build.0 = Debug|Any CPU
		{3BA5FB45-D642-43DE-8629-37AA3D7CE5BD}.Release|Any CPU.ActiveCfg = Release|Any CPU
		{3BA5FB45-D642-43DE-8629-37AA3D7CE5BD}.Release|Any CPU.Build.0 = Release|Any CPU
		{96B0A895-7A34-411D-BDE6-FC0B222AA18D}.Debug|Any CPU.ActiveCfg = Debug|Any CPU
		{96B0A895-7A34-411D-BDE6-FC0B222AA18D}.Debug|Any CPU.Build.0 = Debug|Any CPU
		{96B0A895-7A34-411D-BDE6-FC0B222AA18D}.Release|Any CPU.ActiveCfg = Release|Any CPU
		{96B0A895-7A34-411D-BDE6-FC0B222AA18D}.Release|Any CPU.Build.0 = Release|Any CPU
		{58B0D3C2-E786-40BD-B5F7-04B32F0AA241}.Debug|Any CPU.ActiveCfg = Debug|Any CPU
		{58B0D3C2-E786-40BD-B5F7-04B32F0AA241}.Debug|Any CPU.Build.0 = Debug|Any CPU
		{58B0D3C2-E786-40BD-B5F7-04B32F0AA241}.Release|Any CPU.ActiveCfg = Release|Any CPU
		{58B0D3C2-E786-40BD-B5F7-04B32F0AA241}.Release|Any CPU.Build.0 = Release|Any CPU
		{6B003A23-1002-47EC-A5F5-56E66EE91476}.Debug|Any CPU.ActiveCfg = Debug|Any CPU
		{6B003A23-1002-47EC-A5F5-56E66EE91476}.Debug|Any CPU.Build.0 = Debug|Any CPU
		{6B003A23-1002-47EC-A5F5-56E66EE91476}.Release|Any CPU.ActiveCfg = Release|Any CPU
		{6B003A23-1002-47EC-A5F5-56E66EE91476}.Release|Any CPU.Build.0 = Release|Any CPU
		{FC833DDB-232B-4A4C-8A40-EFD017FFC601}.Debug|Any CPU.ActiveCfg = Debug|Any CPU
		{FC833DDB-232B-4A4C-8A40-EFD017FFC601}.Debug|Any CPU.Build.0 = Debug|Any CPU
		{FC833DDB-232B-4A4C-8A40-EFD017FFC601}.Release|Any CPU.ActiveCfg = Release|Any CPU
		{FC833DDB-232B-4A4C-8A40-EFD017FFC601}.Release|Any CPU.Build.0 = Release|Any CPU
		{55C68F97-429F-4504-9D3F-7147EF951F66}.Debug|Any CPU.ActiveCfg = Debug|x64
		{55C68F97-429F-4504-9D3F-7147EF951F66}.Debug|Any CPU.Build.0 = Debug|x64
		{55C68F97-429F-4504-9D3F-7147EF951F66}.Release|Any CPU.ActiveCfg = Release|x64
		{55C68F97-429F-4504-9D3F-7147EF951F66}.Release|Any CPU.Build.0 = Release|x64
		{2E3DF5C2-8A38-4A03-86D7-8D463C917E41}.Debug|Any CPU.ActiveCfg = Debug|x64
		{2E3DF5C2-8A38-4A03-86D7-8D463C917E41}.Debug|Any CPU.Build.0 = Debug|x64
		{2E3DF5C2-8A38-4A03-86D7-8D463C917E41}.Release|Any CPU.ActiveCfg = Release|x64
		{2E3DF5C2-8A38-4A03-86D7-8D463C917E41}.Release|Any CPU.Build.0 = Release|x64
		{2E3DF5C2-8A38-4A03-86D7-8D463C917E44}.Debug|Any CPU.ActiveCfg = Debug|x64
		{2E3DF5C2-8A38-4A03-86D7-8D463C917E44}.Debug|Any CPU.Build.0 = Debug|x64
		{2E3DF5C2-8A38-4A03-86D7-8D463C917E44}.Release|Any CPU.ActiveCfg = Release|x64
		{2E3DF5C2-8A38-4A03-86D7-8D463C917E44}.Release|Any CPU.Build.0 = Release|x64
		{2E3DF5C2-8A38-4A03-86D7-8D463C917E48}.Debug|Any CPU.ActiveCfg = Debug|x64
		{2E3DF5C2-8A38-4A03-86D7-8D463C917E48}.Debug|Any CPU.Build.0 = Debug|x64
		{2E3DF5C2-8A38-4A03-86D7-8D463C917E48}.Release|Any CPU.ActiveCfg = Release|x64
		{2E3DF5C2-8A38-4A03-86D7-8D463C917E48}.Release|Any CPU.Build.0 = Release|x64
		{2E3DF5C2-8A38-4A03-86D7-8D463C917E47}.Debug|Any CPU.ActiveCfg = Debug|x64
		{2E3DF5C2-8A38-4A03-86D7-8D463C917E47}.Debug|Any CPU.Build.0 = Debug|x64
		{2E3DF5C2-8A38-4A03-86D7-8D463C917E47}.Release|Any CPU.ActiveCfg = Release|x64
		{2E3DF5C2-8A38-4A03-86D7-8D463C917E47}.Release|Any CPU.Build.0 = Release|x64
		{2E3DF5C2-8A38-4A03-86D7-8D463C917E42}.Debug|Any CPU.ActiveCfg = Debug|x64
		{2E3DF5C2-8A38-4A03-86D7-8D463C917E42}.Debug|Any CPU.Build.0 = Debug|x64
		{2E3DF5C2-8A38-4A03-86D7-8D463C917E42}.Release|Any CPU.ActiveCfg = Release|x64
		{2E3DF5C2-8A38-4A03-86D7-8D463C917E42}.Release|Any CPU.Build.0 = Release|x64
		{EDB233C6-0F90-46CE-B72C-F5E96D04259F}.Debug|Any CPU.ActiveCfg = Debug|Any CPU
		{EDB233C6-0F90-46CE-B72C-F5E96D04259F}.Debug|Any CPU.Build.0 = Debug|Any CPU
		{EDB233C6-0F90-46CE-B72C-F5E96D04259F}.Release|Any CPU.ActiveCfg = Release|Any CPU
		{EDB233C6-0F90-46CE-B72C-F5E96D04259F}.Release|Any CPU.Build.0 = Release|Any CPU
		{041A1BA9-AB82-4C2E-95A1-1ECFD0B6CFA0}.Debug|Any CPU.ActiveCfg = Debug|Any CPU
		{041A1BA9-AB82-4C2E-95A1-1ECFD0B6CFA0}.Debug|Any CPU.Build.0 = Debug|Any CPU
		{041A1BA9-AB82-4C2E-95A1-1ECFD0B6CFA0}.Release|Any CPU.ActiveCfg = Release|Any CPU
		{041A1BA9-AB82-4C2E-95A1-1ECFD0B6CFA0}.Release|Any CPU.Build.0 = Release|Any CPU
	EndGlobalSection
	GlobalSection(SolutionProperties) = preSolution
		HideSolutionNode = FALSE
	EndGlobalSection
	GlobalSection(NestedProjects) = preSolution
		{3BA5FB45-D642-43DE-8629-37AA3D7CE5BD} = {7200B5EC-BD79-4C0F-BA39-F2A45B36AC17}
		{96B0A895-7A34-411D-BDE6-FC0B222AA18D} = {7200B5EC-BD79-4C0F-BA39-F2A45B36AC17}
		{58B0D3C2-E786-40BD-B5F7-04B32F0AA241} = {7200B5EC-BD79-4C0F-BA39-F2A45B36AC17}
		{6B003A23-1002-47EC-A5F5-56E66EE91476} = {7200B5EC-BD79-4C0F-BA39-F2A45B36AC17}
		{FC833DDB-232B-4A4C-8A40-EFD017FFC601} = {7200B5EC-BD79-4C0F-BA39-F2A45B36AC17}
		{55C68F97-429F-4504-9D3F-7147EF951F66} = {7200B5EC-BD79-4C0F-BA39-F2A45B36AC17}
		{2E3DF5C2-8A38-4A03-86D7-8D463C917E41} = {2C2CDFF8-E66C-46CD-86B9-B3436DA6B75D}
		{2E3DF5C2-8A38-4A03-86D7-8D463C917E44} = {2C2CDFF8-E66C-46CD-86B9-B3436DA6B75D}
		{2E3DF5C2-8A38-4A03-86D7-8D463C917E48} = {2C2CDFF8-E66C-46CD-86B9-B3436DA6B75D}
		{2E3DF5C2-8A38-4A03-86D7-8D463C917E47} = {2C2CDFF8-E66C-46CD-86B9-B3436DA6B75D}
		{2E3DF5C2-8A38-4A03-86D7-8D463C917E42} = {2C2CDFF8-E66C-46CD-86B9-B3436DA6B75D}
		{EDB233C6-0F90-46CE-B72C-F5E96D04259F} = {7200B5EC-BD79-4C0F-BA39-F2A45B36AC17}
		{041A1BA9-AB82-4C2E-95A1-1ECFD0B6CFA0} = {2C2CDFF8-E66C-46CD-86B9-B3436DA6B75D}
	EndGlobalSection
	GlobalSection(ExtensibilityGlobals) = postSolution
		SolutionGuid = {9C3E6FC7-5DC8-4CF3-9BF9-6B3D6A58DB0D}
	EndGlobalSection
EndGlobal
